
Microsoft Visual Studio Solution File, Format Version 12.00
# Visual Studio Version 17
VisualStudioVersion = 17.13.35825.156 d17.13
MinimumVisualStudioVersion = 10.0.40219.1
Project("{FAE04EC0-301F-11D3-BF4B-00C04F79EFBC}") = "StructuralPatterns", "StructuralPatterns\StructuralPatterns.csproj", "{5950036E-DC10-4CC0-AAD4-E265ACD7A52C}"
EndProject
Global
	GlobalSection(SolutionConfigurationPlatforms) = preSolution
		Debug|Any CPU = Debug|Any CPU
		Release|Any CPU = Release|Any CPU
	EndGlobalSection
	GlobalSection(ProjectConfigurationPlatforms) = postSolution
		{5950036E-DC10-4CC0-AAD4-E265ACD7A52C}.Debug|Any CPU.ActiveCfg = Debug|Any CPU
		{5950036E-DC10-4CC0-AAD4-E265ACD7A52C}.Debug|Any CPU.Build.0 = Debug|Any CPU
		{5950036E-DC10-4CC0-AAD4-E265ACD7A52C}.Release|Any CPU.ActiveCfg = Release|Any CPU
		{5950036E-DC10-4CC0-AAD4-E265ACD7A52C}.Release|Any CPU.Build.0 = Release|Any CPU
	EndGlobalSection
	GlobalSection(SolutionProperties) = preSolution
		HideSolutionNode = FALSE
	EndGlobalSection
	GlobalSection(ExtensibilityGlobals) = postSolution
		SolutionGuid = {3ADA4617-27D5-48D2-B22B-FA1192033F22}
	EndGlobalSection
EndGlobal
